
Microsoft Visual Studio Solution File, Format Version 12.00
# Visual Studio Version 17
VisualStudioVersion = 17.11.35208.52
MinimumVisualStudioVersion = 10.0.40219.1
Project("{9A19103F-16F7-4668-BE54-9A1E7A4F7556}") = "Doman", "ClassLibrary1\Doman.csproj", "{F5B20AD6-A228-4188-82AC-0827DD7230F4}"
EndProject
Project("{9A19103F-16F7-4668-BE54-9A1E7A4F7556}") = "Infra", "Infra\Infra.csproj", "{F0FFAA23-EAA0-4FB9-915F-67C18697BFF9}"
EndProject
Project("{9A19103F-16F7-4668-BE54-9A1E7A4F7556}") = "Services", "Services\Services.csproj", "{47E2F3B0-8118-4035-8209-6C84763FCF40}"
EndProject
Project("{9A19103F-16F7-4668-BE54-9A1E7A4F7556}") = "CapturaNotas", "CapturaNotasNFSE\CapturaNotas.csproj", "{7C88030A-FE1A-4F93-BE5D-139C164326FC}"
EndProject
Project("{FAE04EC0-301F-11D3-BF4B-00C04F79EFBC}") = "APIMyNFE", "APIMyNFE\APIMyNFE.csproj", "{1692C343-153D-482A-A816-3BDEB4DFF7C3}"
EndProject
Global
	GlobalSection(SolutionConfigurationPlatforms) = preSolution
		Debug|Any CPU = Debug|Any CPU
		Release|Any CPU = Release|Any CPU
	EndGlobalSection
	GlobalSection(ProjectConfigurationPlatforms) = postSolution
		{F5B20AD6-A228-4188-82AC-0827DD7230F4}.Debug|Any CPU.ActiveCfg = Debug|Any CPU
		{F5B20AD6-A228-4188-82AC-0827DD7230F4}.Debug|Any CPU.Build.0 = Debug|Any CPU
		{F5B20AD6-A228-4188-82AC-0827DD7230F4}.Release|Any CPU.ActiveCfg = Release|Any CPU
		{F5B20AD6-A228-4188-82AC-0827DD7230F4}.Release|Any CPU.Build.0 = Release|Any CPU
		{F0FFAA23-EAA0-4FB9-915F-67C18697BFF9}.Debug|Any CPU.ActiveCfg = Debug|Any CPU
		{F0FFAA23-EAA0-4FB9-915F-67C18697BFF9}.Debug|Any CPU.Build.0 = Debug|Any CPU
		{F0FFAA23-EAA0-4FB9-915F-67C18697BFF9}.Release|Any CPU.ActiveCfg = Release|Any CPU
		{F0FFAA23-EAA0-4FB9-915F-67C18697BFF9}.Release|Any CPU.Build.0 = Release|Any CPU
		{47E2F3B0-8118-4035-8209-6C84763FCF40}.Debug|Any CPU.ActiveCfg = Debug|Any CPU
		{47E2F3B0-8118-4035-8209-6C84763FCF40}.Debug|Any CPU.Build.0 = Debug|Any CPU
		{47E2F3B0-8118-4035-8209-6C84763FCF40}.Release|Any CPU.ActiveCfg = Release|Any CPU
		{47E2F3B0-8118-4035-8209-6C84763FCF40}.Release|Any CPU.Build.0 = Release|Any CPU
		{7C88030A-FE1A-4F93-BE5D-139C164326FC}.Debug|Any CPU.ActiveCfg = Debug|Any CPU
		{7C88030A-FE1A-4F93-BE5D-139C164326FC}.Debug|Any CPU.Build.0 = Debug|Any CPU
		{7C88030A-FE1A-4F93-BE5D-139C164326FC}.Release|Any CPU.ActiveCfg = Release|Any CPU
		{7C88030A-FE1A-4F93-BE5D-139C164326FC}.Release|Any CPU.Build.0 = Release|Any CPU
		{1692C343-153D-482A-A816-3BDEB4DFF7C3}.Debug|Any CPU.ActiveCfg = Debug|Any CPU
		{1692C343-153D-482A-A816-3BDEB4DFF7C3}.Debug|Any CPU.Build.0 = Debug|Any CPU
		{1692C343-153D-482A-A816-3BDEB4DFF7C3}.Release|Any CPU.ActiveCfg = Release|Any CPU
		{1692C343-153D-482A-A816-3BDEB4DFF7C3}.Release|Any CPU.Build.0 = Release|Any CPU
	EndGlobalSection
	GlobalSection(SolutionProperties) = preSolution
		HideSolutionNode = FALSE
	EndGlobalSection
	GlobalSection(ExtensibilityGlobals) = postSolution
		SolutionGuid = {19868E11-FC3C-4589-B2BD-0B81879F5E03}
	EndGlobalSection
EndGlobal
